
Microsoft Visual Studio Solution File, Format Version 12.00
# Visual Studio Version 17
VisualStudioVersion = 17.9.34310.174
MinimumVisualStudioVersion = 10.0.40219.1
Project("{9A19103F-16F7-4668-BE54-9A1E7A4F7556}") = "QuickEdit", "QuickEdit\QuickEdit.csproj", "{7987D77B-19E3-47AB-A04D-F6C53D8118CD}"
EndProject
Project("{FAE04EC0-301F-11D3-BF4B-00C04F79EFBC}") = "QuickEditDemo", "QuickEditDemo\QuickEditDemo.csproj", "{08012946-2938-44FD-BE6E-DCC28A54271D}"
EndProject
Global
	GlobalSection(SolutionConfigurationPlatforms) = preSolution
		Debug|Any CPU = Debug|Any CPU
		Release|Any CPU = Release|Any CPU
	EndGlobalSection
	GlobalSection(ProjectConfigurationPlatforms) = postSolution
		{7987D77B-19E3-47AB-A04D-F6C53D8118CD}.Debug|Any CPU.ActiveCfg = Debug|Any CPU
		{7987D77B-19E3-47AB-A04D-F6C53D8118CD}.Debug|Any CPU.Build.0 = Debug|Any CPU
		{7987D77B-19E3-47AB-A04D-F6C53D8118CD}.Release|Any CPU.ActiveCfg = Release|Any CPU
		{7987D77B-19E3-47AB-A04D-F6C53D8118CD}.Release|Any CPU.Build.0 = Release|Any CPU
		{08012946-2938-44FD-BE6E-DCC28A54271D}.Debug|Any CPU.ActiveCfg = Debug|Any CPU
		{08012946-2938-44FD-BE6E-DCC28A54271D}.Debug|Any CPU.Build.0 = Debug|Any CPU
		{08012946-2938-44FD-BE6E-DCC28A54271D}.Release|Any CPU.ActiveCfg = Release|Any CPU
		{08012946-2938-44FD-BE6E-DCC28A54271D}.Release|Any CPU.Build.0 = Release|Any CPU
	EndGlobalSection
	GlobalSection(SolutionProperties) = preSolution
		HideSolutionNode = FALSE
	EndGlobalSection
	GlobalSection(ExtensibilityGlobals) = postSolution
		SolutionGuid = {5672B6AC-F655-498C-96EF-A4E6C192E6F8}
	EndGlobalSection
EndGlobal
